// !$*UTF8*$!
{
	archiveVersion = 1;
	classes = {
	};
	objectVersion = 50;
	objects = {

/* Begin PBXBuildFile section */
		191D973821701B4F0066211C /* AppDelegate.swift in Sources */ = {isa = PBXBuildFile; fileRef = 191D973721701B4F0066211C /* AppDelegate.swift */; };
		191D973D21701B4F0066211C /* Main.storyboard in Resources */ = {isa = PBXBuildFile; fileRef = 191D973B21701B4F0066211C /* Main.storyboard */; };
		191D974021701B4F0066211C /* RestaurantRater.xcdatamodeld in Sources */ = {isa = PBXBuildFile; fileRef = 191D973E21701B4F0066211C /* RestaurantRater.xcdatamodeld */; };
		191D974221701B510066211C /* Assets.xcassets in Resources */ = {isa = PBXBuildFile; fileRef = 191D974121701B510066211C /* Assets.xcassets */; };
		191D974521701B510066211C /* LaunchScreen.storyboard in Resources */ = {isa = PBXBuildFile; fileRef = 191D974321701B510066211C /* LaunchScreen.storyboard */; };
		191D974D21701C9A0066211C /* Restaurant+Convenience.swift in Sources */ = {isa = PBXBuildFile; fileRef = 191D974C21701C9A0066211C /* Restaurant+Convenience.swift */; };
		191D974F21701CA40066211C /* CoreDataStack.swift in Sources */ = {isa = PBXBuildFile; fileRef = 191D974E21701CA40066211C /* CoreDataStack.swift */; };
		191D975121701F710066211C /* RestaurantController.swift in Sources */ = {isa = PBXBuildFile; fileRef = 191D975021701F710066211C /* RestaurantController.swift */; };
/* End PBXBuildFile section */

/* Begin PBXFileReference section */
		191D973421701B4F0066211C /* RestaurantRater.app */ = {isa = PBXFileReference; explicitFileType = wrapper.application; includeInIndex = 0; path = RestaurantRater.app; sourceTree = BUILT_PRODUCTS_DIR; };
		191D973721701B4F0066211C /* AppDelegate.swift */ = {isa = PBXFileReference; lastKnownFileType = sourcecode.swift; path = AppDelegate.swift; sourceTree = "<group>"; };
		191D973C21701B4F0066211C /* Base */ = {isa = PBXFileReference; lastKnownFileType = file.storyboard; name = Base; path = Base.lproj/Main.storyboard; sourceTree = "<group>"; };
		191D973F21701B4F0066211C /* RestaurantRater.xcdatamodel */ = {isa = PBXFileReference; lastKnownFileType = wrapper.xcdatamodel; path = RestaurantRater.xcdatamodel; sourceTree = "<group>"; };
		191D974121701B510066211C /* Assets.xcassets */ = {isa = PBXFileReference; lastKnownFileType = folder.assetcatalog; path = Assets.xcassets; sourceTree = "<group>"; };
		191D974421701B510066211C /* Base */ = {isa = PBXFileReference; lastKnownFileType = file.storyboard; name = Base; path = Base.lproj/LaunchScreen.storyboard; sourceTree = "<group>"; };
		191D974621701B510066211C /* Info.plist */ = {isa = PBXFileReference; lastKnownFileType = text.plist.xml; path = Info.plist; sourceTree = "<group>"; };
		191D974C21701C9A0066211C /* Restaurant+Convenience.swift */ = {isa = PBXFileReference; lastKnownFileType = sourcecode.swift; path = "Restaurant+Convenience.swift"; sourceTree = "<group>"; };
		191D974E21701CA40066211C /* CoreDataStack.swift */ = {isa = PBXFileReference; lastKnownFileType = sourcecode.swift; path = CoreDataStack.swift; sourceTree = "<group>"; };
		191D975021701F710066211C /* RestaurantController.swift */ = {isa = PBXFileReference; lastKnownFileType = sourcecode.swift; path = RestaurantController.swift; sourceTree = "<group>"; };
/* End PBXFileReference section */

/* Begin PBXFrameworksBuildPhase section */
		191D973121701B4F0066211C /* Frameworks */ = {
			isa = PBXFrameworksBuildPhase;
			buildActionMask = 2147483647;
			files = (
			);
			runOnlyForDeploymentPostprocessing = 0;
		};
/* End PBXFrameworksBuildPhase section */

/* Begin PBXGroup section */
		191D972B21701B4F0066211C = {
			isa = PBXGroup;
			children = (
				191D973621701B4F0066211C /* RestaurantRater */,
				191D973521701B4F0066211C /* Products */,
			);
			sourceTree = "<group>";
		};
		191D973521701B4F0066211C /* Products */ = {
			isa = PBXGroup;
			children = (
				191D973421701B4F0066211C /* RestaurantRater.app */,
			);
			name = Products;
			sourceTree = "<group>";
		};
		191D973621701B4F0066211C /* RestaurantRater */ = {
			isa = PBXGroup;
			children = (
				191D973721701B4F0066211C /* AppDelegate.swift */,
				191D975421701FC70066211C /* Storyboards */,
				191D974121701B510066211C /* Assets.xcassets */,
				191D974621701B510066211C /* Info.plist */,
				191D975321701FA90066211C /* Model */,
				191D975221701F910066211C /* ModelController */,
			);
			path = RestaurantRater;
			sourceTree = "<group>";
		};
		191D975221701F910066211C /* ModelController */ = {
			isa = PBXGroup;
			children = (
				191D975021701F710066211C /* RestaurantController.swift */,
			);
			path = ModelController;
			sourceTree = "<group>";
		};
		191D975321701FA90066211C /* Model */ = {
			isa = PBXGroup;
			children = (
				191D974C21701C9A0066211C /* Restaurant+Convenience.swift */,
				191D973E21701B4F0066211C /* RestaurantRater.xcdatamodeld */,
				191D974E21701CA40066211C /* CoreDataStack.swift */,
			);
			path = Model;
			sourceTree = "<group>";
		};
		191D975421701FC70066211C /* Storyboards */ = {
			isa = PBXGroup;
			children = (
				191D974321701B510066211C /* LaunchScreen.storyboard */,
				191D973B21701B4F0066211C /* Main.storyboard */,
			);
			path = Storyboards;
			sourceTree = "<group>";
		};
/* End PBXGroup section */

/* Begin PBXNativeTarget section */
		191D973321701B4F0066211C /* RestaurantRater */ = {
			isa = PBXNativeTarget;
			buildConfigurationList = 191D974921701B510066211C /* Build configuration list for PBXNativeTarget "RestaurantRater" */;
			buildPhases = (
				191D973021701B4F0066211C /* Sources */,
				191D973121701B4F0066211C /* Frameworks */,
				191D973221701B4F0066211C /* Resources */,
			);
			buildRules = (
			);
			dependencies = (
			);
			name = RestaurantRater;
			productName = RestaurantRater;
			productReference = 191D973421701B4F0066211C /* RestaurantRater.app */;
			productType = "com.apple.product-type.application";
		};
/* End PBXNativeTarget section */

/* Begin PBXProject section */
		191D972C21701B4F0066211C /* Project object */ = {
			isa = PBXProject;
			attributes = {
				LastSwiftUpdateCheck = 1000;
				LastUpgradeCheck = 1000;
				ORGANIZATIONNAME = "Xavier ios dev";
				TargetAttributes = {
					191D973321701B4F0066211C = {
						CreatedOnToolsVersion = 10.0;
					};
				};
			};
			buildConfigurationList = 191D972F21701B4F0066211C /* Build configuration list for PBXProject "RestaurantRater" */;
			compatibilityVersion = "Xcode 9.3";
			developmentRegion = en;
			hasScannedForEncodings = 0;
			knownRegions = (
				en,
				Base,
			);
			mainGroup = 191D972B21701B4F0066211C;
			productRefGroup = 191D973521701B4F0066211C /* Products */;
			projectDirPath = "";
			projectRoot = "";
			targets = (
				191D973321701B4F0066211C /* RestaurantRater */,
			);
		};
/* End PBXProject section */

/* Begin PBXResourcesBuildPhase section */
		191D973221701B4F0066211C /* Resources */ = {
			isa = PBXResourcesBuildPhase;
			buildActionMask = 2147483647;
			files = (
				191D974521701B510066211C /* LaunchScreen.storyboard in Resources */,
				191D974221701B510066211C /* Assets.xcassets in Resources */,
				191D973D21701B4F0066211C /* Main.storyboard in Resources */,
			);
			runOnlyForDeploymentPostprocessing = 0;
		};
/* End PBXResourcesBuildPhase section */

/* Begin PBXSourcesBuildPhase section */
		191D973021701B4F0066211C /* Sources */ = {
			isa = PBXSourcesBuildPhase;
			buildActionMask = 2147483647;
			files = (
				191D974F21701CA40066211C /* CoreDataStack.swift in Sources */,
				191D974D21701C9A0066211C /* Restaurant+Convenience.swift in Sources */,
				191D974021701B4F0066211C /* RestaurantRater.xcdatamodeld in Sources */,
				191D973821701B4F0066211C /* AppDelegate.swift in Sources */,
				191D975121701F710066211C /* RestaurantController.swift in Sources */,
			);
			runOnlyForDeploymentPostprocessing = 0;
		};
/* End PBXSourcesBuildPhase section */

/* Begin PBXVariantGroup section */
		191D973B21701B4F0066211C /* Main.storyboard */ = {
			isa = PBXVariantGroup;
			children = (
				191D973C21701B4F0066211C /* Base */,
			);
			name = Main.storyboard;
			sourceTree = "<group>";
		};
		191D974321701B510066211C /* LaunchScreen.storyboard */ = {
			isa = PBXVariantGroup;
			children = (
				191D974421701B510066211C /* Base */,
			);
			name = LaunchScreen.storyboard;
			sourceTree = "<group>";
		};
/* End PBXVariantGroup section */

/* Begin XCBuildConfiguration section */
		191D974721701B510066211C /* Debug */ = {
			isa = XCBuildConfiguration;
			buildSettings = {
				ALWAYS_SEARCH_USER_PATHS = NO;
				CLANG_ANALYZER_NONNULL = YES;
				CLANG_ANALYZER_NUMBER_OBJECT_CONVERSION = YES_AGGRESSIVE;
				CLANG_CXX_LANGUAGE_STANDARD = "gnu++14";
				CLANG_CXX_LIBRARY = "libc++";
				CLANG_ENABLE_MODULES = YES;
				CLANG_ENABLE_OBJC_ARC = YES;
				CLANG_ENABLE_OBJC_WEAK = YES;
				CLANG_WARN_BLOCK_CAPTURE_AUTORELEASING = YES;
				CLANG_WARN_BOOL_CONVERSION = YES;
				CLANG_WARN_COMMA = YES;
				CLANG_WARN_CONSTANT_CONVERSION = YES;
				CLANG_WARN_DEPRECATED_OBJC_IMPLEMENTATIONS = YES;
				CLANG_WARN_DIRECT_OBJC_ISA_USAGE = YES_ERROR;
				CLANG_WARN_DOCUMENTATION_COMMENTS = YES;
				CLANG_WARN_EMPTY_BODY = YES;
				CLANG_WARN_ENUM_CONVERSION = YES;
				CLANG_WARN_INFINITE_RECURSION = YES;
				CLANG_WARN_INT_CONVERSION = YES;
				CLANG_WARN_NON_LITERAL_NULL_CONVERSION = YES;
				CLANG_WARN_OBJC_IMPLICIT_RETAIN_SELF = YES;
				CLANG_WARN_OBJC_LITERAL_CONVERSION = YES;
				CLANG_WARN_OBJC_ROOT_CLASS = YES_ERROR;
				CLANG_WARN_RANGE_LOOP_ANALYSIS = YES;
				CLANG_WARN_STRICT_PROTOTYPES = YES;
				CLANG_WARN_SUSPICIOUS_MOVE = YES;
				CLANG_WARN_UNGUARDED_AVAILABILITY = YES_AGGRESSIVE;
				CLANG_WARN_UNREACHABLE_CODE = YES;
				CLANG_WARN__DUPLICATE_METHOD_MATCH = YES;
				CODE_SIGN_IDENTITY = "iPhone Developer";
				COPY_PHASE_STRIP = NO;
				DEBUG_INFORMATION_FORMAT = dwarf;
				ENABLE_STRICT_OBJC_MSGSEND = YES;
				ENABLE_TESTABILITY = YES;
				GCC_C_LANGUAGE_STANDARD = gnu11;
				GCC_DYNAMIC_NO_PIC = NO;
				GCC_NO_COMMON_BLOCKS = YES;
				GCC_OPTIMIZATION_LEVEL = 0;
				GCC_PREPROCESSOR_DEFINITIONS = (
					"DEBUG=1",
					"$(inherited)",
				);
				GCC_WARN_64_TO_32_BIT_CONVERSION = YES;
				GCC_WARN_ABOUT_RETURN_TYPE = YES_ERROR;
				GCC_WARN_UNDECLARED_SELECTOR = YES;
				GCC_WARN_UNINITIALIZED_AUTOS = YES_AGGRESSIVE;
				GCC_WARN_UNUSED_FUNCTION = YES;
				GCC_WARN_UNUSED_VARIABLE = YES;
				IPHONEOS_DEPLOYMENT_TARGET = 12.0;
				MTL_ENABLE_DEBUG_INFO = INCLUDE_SOURCE;
				MTL_FAST_MATH = YES;
				ONLY_ACTIVE_ARCH = YES;
				SDKROOT = iphoneos;
				SWIFT_ACTIVE_COMPILATION_CONDITIONS = DEBUG;
				SWIFT_OPTIMIZATION_LEVEL = "-Onone";
			};
			name = Debug;
		};
		191D974821701B510066211C /* Release */ = {
			isa = XCBuildConfiguration;
			buildSettings = {
				ALWAYS_SEARCH_USER_PATHS = NO;
				CLANG_ANALYZER_NONNULL = YES;
				CLANG_ANALYZER_NUMBER_OBJECT_CONVERSION = YES_AGGRESSIVE;
				CLANG_CXX_LANGUAGE_STANDARD = "gnu++14";
				CLANG_CXX_LIBRARY = "libc++";
				CLANG_ENABLE_MODULES = YES;
				CLANG_ENABLE_OBJC_ARC = YES;
				CLANG_ENABLE_OBJC_WEAK = YES;
				CLANG_WARN_BLOCK_CAPTURE_AUTORELEASING = YES;
				CLANG_WARN_BOOL_CONVERSION = YES;
				CLANG_WARN_COMMA = YES;
				CLANG_WARN_CONSTANT_CONVERSION = YES;
				CLANG_WARN_DEPRECATED_OBJC_IMPLEMENTATIONS = YES;
				CLANG_WARN_DIRECT_OBJC_ISA_USAGE = YES_ERROR;
				CLANG_WARN_DOCUMENTATION_COMMENTS = YES;
				CLANG_WARN_EMPTY_BODY = YES;
				CLANG_WARN_ENUM_CONVERSION = YES;
				CLANG_WARN_INFINITE_RECURSION = YES;
				CLANG_WARN_INT_CONVERSION = YES;
				CLANG_WARN_NON_LITERAL_NULL_CONVERSION = YES;
				CLANG_WARN_OBJC_IMPLICIT_RETAIN_SELF = YES;
				CLANG_WARN_OBJC_LITERAL_CONVERSION = YES;
				CLANG_WARN_OBJC_ROOT_CLASS = YES_ERROR;
				CLANG_WARN_RANGE_LOOP_ANALYSIS = YES;
				CLANG_WARN_STRICT_PROTOTYPES = YES;
				CLANG_WARN_SUSPICIOUS_MOVE = YES;
				CLANG_WARN_UNGUARDED_AVAILABILITY = YES_AGGRESSIVE;
				CLANG_WARN_UNREACHABLE_CODE = YES;
				CLANG_WARN__DUPLICATE_METHOD_MATCH = YES;
				CODE_SIGN_IDENTITY = "iPhone Developer";
				COPY_PHASE_STRIP = NO;
				DEBUG_INFORMATION_FORMAT = "dwarf-with-dsym";
				ENABLE_NS_ASSERTIONS = NO;
				ENABLE_STRICT_OBJC_MSGSEND = YES;
				GCC_C_LANGUAGE_STANDARD = gnu11;
				GCC_NO_COMMON_BLOCKS = YES;
				GCC_WARN_64_TO_32_BIT_CONVERSION = YES;
				GCC_WARN_ABOUT_RETURN_TYPE = YES_ERROR;
				GCC_WARN_UNDECLARED_SELECTOR = YES;
				GCC_WARN_UNINITIALIZED_AUTOS = YES_AGGRESSIVE;
				GCC_WARN_UNUSED_FUNCTION = YES;
				GCC_WARN_UNUSED_VARIABLE = YES;
				IPHONEOS_DEPLOYMENT_TARGET = 12.0;
				MTL_ENABLE_DEBUG_INFO = NO;
				MTL_FAST_MATH = YES;
				SDKROOT = iphoneos;
				SWIFT_COMPILATION_MODE = wholemodule;
				SWIFT_OPTIMIZATION_LEVEL = "-O";
				VALIDATE_PRODUCT = YES;
			};
			name = Release;
		};
		191D974A21701B510066211C /* Debug */ = {
			isa = XCBuildConfiguration;
			buildSettings = {
				ASSETCATALOG_COMPILER_APPICON_NAME = AppIcon;
				CODE_SIGN_STYLE = Automatic;
				DEVELOPMENT_TEAM = 57CQ48CJGQ;
				INFOPLIST_FILE = RestaurantRater/Info.plist;
				LD_RUNPATH_SEARCH_PATHS = (
					"$(inherited)",
					"@executable_path/Frameworks",
				);
				PRODUCT_BUNDLE_IDENTIFIER = COM.Xavierwatts.RestaurantRater;
				PRODUCT_NAME = "$(TARGET_NAME)";
				SWIFT_VERSION = 4.2;
				TARGETED_DEVICE_FAMILY = "1,2";
			};
			name = Debug;
		};
		191D974B21701B510066211C /* Release */ = {
			isa = XCBuildConfiguration;
			buildSettings = {
				ASSETCATALOG_COMPILER_APPICON_NAME = AppIcon;
				CODE_SIGN_STYLE = Automatic;
				DEVELOPMENT_TEAM = 57CQ48CJGQ;
				INFOPLIST_FILE = RestaurantRater/Info.plist;
				LD_RUNPATH_SEARCH_PATHS = (
					"$(inherited)",
					"@executable_path/Frameworks",
				);
				PRODUCT_BUNDLE_IDENTIFIER = COM.Xavierwatts.RestaurantRater;
				PRODUCT_NAME = "$(TARGET_NAME)";
				SWIFT_VERSION = 4.2;
				TARGETED_DEVICE_FAMILY = "1,2";
			};
			name = Release;
		};
/* End XCBuildConfiguration section */

/* Begin XCConfigurationList section */
		191D972F21701B4F0066211C /* Build configuration list for PBXProject "RestaurantRater" */ = {
			isa = XCConfigurationList;
			buildConfigurations = (
				191D974721701B510066211C /* Debug */,
				191D974821701B510066211C /* Release */,
			);
			defaultConfigurationIsVisible = 0;
			defaultConfigurationName = Release;
		};
		191D974921701B510066211C /* Build configuration list for PBXNativeTarget "RestaurantRater" */ = {
			isa = XCConfigurationList;
			buildConfigurations = (
				191D974A21701B510066211C /* Debug */,
				191D974B21701B510066211C /* Release */,
			);
			defaultConfigurationIsVisible = 0;
			defaultConfigurationName = Release;
		};
/* End XCConfigurationList section */

/* Begin XCVersionGroup section */
		191D973E21701B4F0066211C /* RestaurantRater.xcdatamodeld */ = {
			isa = XCVersionGroup;
			children = (
				191D973F21701B4F0066211C /* RestaurantRater.xcdatamodel */,
			);
			currentVersion = 191D973F21701B4F0066211C /* RestaurantRater.xcdatamodel */;
			path = RestaurantRater.xcdatamodeld;
			sourceTree = "<group>";
			versionGroupType = wrapper.xcdatamodel;
		};
/* End XCVersionGroup section */
	};
	rootObject = 191D972C21701B4F0066211C /* Project object */;
}
